// !$*UTF8*$!
{
	archiveVersion = 1;
	classes = {
	};
	objectVersion = 56;
	objects = {

/* Begin PBXBuildFile section */
		4C0463B02C709988003ABDAD /* LittleLemonApp.swift in Sources */ = {isa = PBXBuildFile; fileRef = 4C0463AF2C709988003ABDAD /* LittleLemonApp.swift */; };
		4C0463B22C709988003ABDAD /* MenuItemsView.swift in Sources */ = {isa = PBXBuildFile; fileRef = 4C0463B12C709988003ABDAD /* MenuItemsView.swift */; };
		4C0463B42C709989003ABDAD /* Assets.xcassets in Resources */ = {isa = PBXBuildFile; fileRef = 4C0463B32C709989003ABDAD /* Assets.xcassets */; };
		4C0463B72C709989003ABDAD /* Preview Assets.xcassets in Resources */ = {isa = PBXBuildFile; fileRef = 4C0463B62C709989003ABDAD /* Preview Assets.xcassets */; };
		4C0463BE2C7099BD003ABDAD /* MenuItemsOptionView.swift in Sources */ = {isa = PBXBuildFile; fileRef = 4C0463BD2C7099BD003ABDAD /* MenuItemsOptionView.swift */; };
		4C0463C02C7099CF003ABDAD /* MenuItemDetailsView.swift in Sources */ = {isa = PBXBuildFile; fileRef = 4C0463BF2C7099CF003ABDAD /* MenuItemDetailsView.swift */; };
		4C0463C52C70AABB003ABDAD /* GridSectionView.swift in Sources */ = {isa = PBXBuildFile; fileRef = 4C0463C42C70AABB003ABDAD /* GridSectionView.swift */; };
		4C83B8A52C739300004FAB05 /* LittleLemonTests.swift in Sources */ = {isa = PBXBuildFile; fileRef = 4C83B8A42C739300004FAB05 /* LittleLemonTests.swift */; };
		4CC12A0D2C71C45900B01712 /* MenuCategory.swift in Sources */ = {isa = PBXBuildFile; fileRef = 4CC12A0C2C71C45900B01712 /* MenuCategory.swift */; };
		4CC12A0F2C71C46700B01712 /* Ingredient.swift in Sources */ = {isa = PBXBuildFile; fileRef = 4CC12A0E2C71C46700B01712 /* Ingredient.swift */; };
		4CC12A112C71CD5200B01712 /* MenuItem.swift in Sources */ = {isa = PBXBuildFile; fileRef = 4CC12A102C71CD5200B01712 /* MenuItem.swift */; };
		4CC12A142C71CE2E00B01712 /* MenuViewViewModel.swift in Sources */ = {isa = PBXBuildFile; fileRef = 4CC12A132C71CE2E00B01712 /* MenuViewViewModel.swift */; };
		4CC12A162C71D1AE00B01712 /* Options.swift in Sources */ = {isa = PBXBuildFile; fileRef = 4CC12A152C71D1AE00B01712 /* Options.swift */; };
		4CE278BD2C73082B0004F0B3 /* MenuItemProtocol.swift in Sources */ = {isa = PBXBuildFile; fileRef = 4CE278BC2C73082B0004F0B3 /* MenuItemProtocol.swift */; };
/* End PBXBuildFile section */

/* Begin PBXContainerItemProxy section */
		4C83B8A62C739300004FAB05 /* PBXContainerItemProxy */ = {
			isa = PBXContainerItemProxy;
			containerPortal = 4C0463A42C709988003ABDAD /* Project object */;
			proxyType = 1;
			remoteGlobalIDString = 4C0463AB2C709988003ABDAD;
			remoteInfo = LittleLemon;
		};
/* End PBXContainerItemProxy section */

/* Begin PBXFileReference section */
		4C0463AC2C709988003ABDAD /* LittleLemon.app */ = {isa = PBXFileReference; explicitFileType = wrapper.application; includeInIndex = 0; path = LittleLemon.app; sourceTree = BUILT_PRODUCTS_DIR; };
		4C0463AF2C709988003ABDAD /* LittleLemonApp.swift */ = {isa = PBXFileReference; lastKnownFileType = sourcecode.swift; path = LittleLemonApp.swift; sourceTree = "<group>"; };
		4C0463B12C709988003ABDAD /* MenuItemsView.swift */ = {isa = PBXFileReference; lastKnownFileType = sourcecode.swift; path = MenuItemsView.swift; sourceTree = "<group>"; };
		4C0463B32C709989003ABDAD /* Assets.xcassets */ = {isa = PBXFileReference; lastKnownFileType = folder.assetcatalog; path = Assets.xcassets; sourceTree = "<group>"; };
		4C0463B62C709989003ABDAD /* Preview Assets.xcassets */ = {isa = PBXFileReference; lastKnownFileType = folder.assetcatalog; path = "Preview Assets.xcassets"; sourceTree = "<group>"; };
		4C0463BD2C7099BD003ABDAD /* MenuItemsOptionView.swift */ = {isa = PBXFileReference; lastKnownFileType = sourcecode.swift; path = MenuItemsOptionView.swift; sourceTree = "<group>"; };
		4C0463BF2C7099CF003ABDAD /* MenuItemDetailsView.swift */ = {isa = PBXFileReference; lastKnownFileType = sourcecode.swift; path = MenuItemDetailsView.swift; sourceTree = "<group>"; };
		4C0463C42C70AABB003ABDAD /* GridSectionView.swift */ = {isa = PBXFileReference; lastKnownFileType = sourcecode.swift; path = GridSectionView.swift; sourceTree = "<group>"; };
		4C83B8A22C739300004FAB05 /* LittleLemonTests.xctest */ = {isa = PBXFileReference; explicitFileType = wrapper.cfbundle; includeInIndex = 0; path = LittleLemonTests.xctest; sourceTree = BUILT_PRODUCTS_DIR; };
		4C83B8A42C739300004FAB05 /* LittleLemonTests.swift */ = {isa = PBXFileReference; lastKnownFileType = sourcecode.swift; path = LittleLemonTests.swift; sourceTree = "<group>"; };
		4CC12A0C2C71C45900B01712 /* MenuCategory.swift */ = {isa = PBXFileReference; lastKnownFileType = sourcecode.swift; path = MenuCategory.swift; sourceTree = "<group>"; };
		4CC12A0E2C71C46700B01712 /* Ingredient.swift */ = {isa = PBXFileReference; lastKnownFileType = sourcecode.swift; path = Ingredient.swift; sourceTree = "<group>"; };
		4CC12A102C71CD5200B01712 /* MenuItem.swift */ = {isa = PBXFileReference; lastKnownFileType = sourcecode.swift; path = MenuItem.swift; sourceTree = "<group>"; };
		4CC12A132C71CE2E00B01712 /* MenuViewViewModel.swift */ = {isa = PBXFileReference; lastKnownFileType = sourcecode.swift; path = MenuViewViewModel.swift; sourceTree = "<group>"; };
		4CC12A152C71D1AE00B01712 /* Options.swift */ = {isa = PBXFileReference; lastKnownFileType = sourcecode.swift; path = Options.swift; sourceTree = "<group>"; };
		4CE278BC2C73082B0004F0B3 /* MenuItemProtocol.swift */ = {isa = PBXFileReference; lastKnownFileType = sourcecode.swift; path = MenuItemProtocol.swift; sourceTree = "<group>"; };
/* End PBXFileReference section */

/* Begin PBXFrameworksBuildPhase section */
		4C0463A92C709988003ABDAD /* Frameworks */ = {
			isa = PBXFrameworksBuildPhase;
			buildActionMask = 2147483647;
			files = (
			);
			runOnlyForDeploymentPostprocessing = 0;
		};
		4C83B89F2C739300004FAB05 /* Frameworks */ = {
			isa = PBXFrameworksBuildPhase;
			buildActionMask = 2147483647;
			files = (
			);
			runOnlyForDeploymentPostprocessing = 0;
		};
/* End PBXFrameworksBuildPhase section */

/* Begin PBXGroup section */
		4C0463A32C709988003ABDAD = {
			isa = PBXGroup;
			children = (
				4C0463AE2C709988003ABDAD /* LittleLemon */,
				4C83B8A32C739300004FAB05 /* LittleLemonTests */,
				4C0463AD2C709988003ABDAD /* Products */,
			);
			sourceTree = "<group>";
		};
		4C0463AD2C709988003ABDAD /* Products */ = {
			isa = PBXGroup;
			children = (
				4C0463AC2C709988003ABDAD /* LittleLemon.app */,
				4C83B8A22C739300004FAB05 /* LittleLemonTests.xctest */,
			);
			name = Products;
			sourceTree = "<group>";
		};
		4C0463AE2C709988003ABDAD /* LittleLemon */ = {
			isa = PBXGroup;
			children = (
				4CC12A122C71CDF900B01712 /* ViewModels */,
				4CC12A0B2C71C43E00B01712 /* Models */,
				4C0463C12C7099D3003ABDAD /* Views */,
				4C0463AF2C709988003ABDAD /* LittleLemonApp.swift */,
				4C0463B32C709989003ABDAD /* Assets.xcassets */,
				4C0463B52C709989003ABDAD /* Preview Content */,
			);
			path = LittleLemon;
			sourceTree = "<group>";
		};
		4C0463B52C709989003ABDAD /* Preview Content */ = {
			isa = PBXGroup;
			children = (
				4C0463B62C709989003ABDAD /* Preview Assets.xcassets */,
			);
			path = "Preview Content";
			sourceTree = "<group>";
		};
		4C0463C12C7099D3003ABDAD /* Views */ = {
			isa = PBXGroup;
			children = (
				4C0463BD2C7099BD003ABDAD /* MenuItemsOptionView.swift */,
				4C0463BF2C7099CF003ABDAD /* MenuItemDetailsView.swift */,
				4C0463B12C709988003ABDAD /* MenuItemsView.swift */,
				4C0463C42C70AABB003ABDAD /* GridSectionView.swift */,
				4CC12A152C71D1AE00B01712 /* Options.swift */,
			);
			path = Views;
			sourceTree = "<group>";
		};
		4C83B8A32C739300004FAB05 /* LittleLemonTests */ = {
			isa = PBXGroup;
			children = (
				4C83B8A42C739300004FAB05 /* LittleLemonTests.swift */,
			);
			path = LittleLemonTests;
			sourceTree = "<group>";
		};
		4CC12A0B2C71C43E00B01712 /* Models */ = {
			isa = PBXGroup;
			children = (
				4CC12A0C2C71C45900B01712 /* MenuCategory.swift */,
				4CC12A0E2C71C46700B01712 /* Ingredient.swift */,
				4CC12A102C71CD5200B01712 /* MenuItem.swift */,
				4CE278BC2C73082B0004F0B3 /* MenuItemProtocol.swift */,
			);
			path = Models;
			sourceTree = "<group>";
		};
		4CC12A122C71CDF900B01712 /* ViewModels */ = {
			isa = PBXGroup;
			children = (
				4CC12A132C71CE2E00B01712 /* MenuViewViewModel.swift */,
			);
			path = ViewModels;
			sourceTree = "<group>";
		};
/* End PBXGroup section */

/* Begin PBXNativeTarget section */
		4C0463AB2C709988003ABDAD /* LittleLemon */ = {
			isa = PBXNativeTarget;
			buildConfigurationList = 4C0463BA2C709989003ABDAD /* Build configuration list for PBXNativeTarget "LittleLemon" */;
			buildPhases = (
				4C0463A82C709988003ABDAD /* Sources */,
				4C0463A92C709988003ABDAD /* Frameworks */,
				4C0463AA2C709988003ABDAD /* Resources */,
			);
			buildRules = (
			);
			dependencies = (
			);
			name = LittleLemon;
			productName = LittleLemon;
			productReference = 4C0463AC2C709988003ABDAD /* LittleLemon.app */;
			productType = "com.apple.product-type.application";
		};
		4C83B8A12C739300004FAB05 /* LittleLemonTests */ = {
			isa = PBXNativeTarget;
			buildConfigurationList = 4C83B8AA2C739300004FAB05 /* Build configuration list for PBXNativeTarget "LittleLemonTests" */;
			buildPhases = (
				4C83B89E2C739300004FAB05 /* Sources */,
				4C83B89F2C739300004FAB05 /* Frameworks */,
				4C83B8A02C739300004FAB05 /* Resources */,
			);
			buildRules = (
			);
			dependencies = (
				4C83B8A72C739300004FAB05 /* PBXTargetDependency */,
			);
			name = LittleLemonTests;
			productName = LittleLemonTests;
			productReference = 4C83B8A22C739300004FAB05 /* LittleLemonTests.xctest */;
			productType = "com.apple.product-type.bundle.unit-test";
		};
/* End PBXNativeTarget section */

/* Begin PBXProject section */
		4C0463A42C709988003ABDAD /* Project object */ = {
			isa = PBXProject;
			attributes = {
				BuildIndependentTargetsInParallel = 1;
				LastSwiftUpdateCheck = 1540;
				LastUpgradeCheck = 1540;
				TargetAttributes = {
					4C0463AB2C709988003ABDAD = {
						CreatedOnToolsVersion = 15.4;
					};
					4C83B8A12C739300004FAB05 = {
						CreatedOnToolsVersion = 15.4;
						TestTargetID = 4C0463AB2C709988003ABDAD;
					};
				};
			};
			buildConfigurationList = 4C0463A72C709988003ABDAD /* Build configuration list for PBXProject "LittleLemon" */;
			compatibilityVersion = "Xcode 14.0";
			developmentRegion = en;
			hasScannedForEncodings = 0;
			knownRegions = (
				en,
				Base,
			);
			mainGroup = 4C0463A32C709988003ABDAD;
			productRefGroup = 4C0463AD2C709988003ABDAD /* Products */;
			projectDirPath = "";
			projectRoot = "";
			targets = (
				4C0463AB2C709988003ABDAD /* LittleLemon */,
				4C83B8A12C739300004FAB05 /* LittleLemonTests */,
			);
		};
/* End PBXProject section */

/* Begin PBXResourcesBuildPhase section */
		4C0463AA2C709988003ABDAD /* Resources */ = {
			isa = PBXResourcesBuildPhase;
			buildActionMask = 2147483647;
			files = (
				4C0463B72C709989003ABDAD /* Preview Assets.xcassets in Resources */,
				4C0463B42C709989003ABDAD /* Assets.xcassets in Resources */,
			);
			runOnlyForDeploymentPostprocessing = 0;
		};
		4C83B8A02C739300004FAB05 /* Resources */ = {
			isa = PBXResourcesBuildPhase;
			buildActionMask = 2147483647;
			files = (
			);
			runOnlyForDeploymentPostprocessing = 0;
		};
/* End PBXResourcesBuildPhase section */

/* Begin PBXSourcesBuildPhase section */
		4C0463A82C709988003ABDAD /* Sources */ = {
			isa = PBXSourcesBuildPhase;
			buildActionMask = 2147483647;
			files = (
				4CE278BD2C73082B0004F0B3 /* MenuItemProtocol.swift in Sources */,
				4C0463BE2C7099BD003ABDAD /* MenuItemsOptionView.swift in Sources */,
				4C0463C02C7099CF003ABDAD /* MenuItemDetailsView.swift in Sources */,
				4CC12A0F2C71C46700B01712 /* Ingredient.swift in Sources */,
				4C0463B22C709988003ABDAD /* MenuItemsView.swift in Sources */,
				4CC12A142C71CE2E00B01712 /* MenuViewViewModel.swift in Sources */,
				4C0463B02C709988003ABDAD /* LittleLemonApp.swift in Sources */,
				4CC12A112C71CD5200B01712 /* MenuItem.swift in Sources */,
				4CC12A0D2C71C45900B01712 /* MenuCategory.swift in Sources */,
				4CC12A162C71D1AE00B01712 /* Options.swift in Sources */,
				4C0463C52C70AABB003ABDAD /* GridSectionView.swift in Sources */,
			);
			runOnlyForDeploymentPostprocessing = 0;
		};
		4C83B89E2C739300004FAB05 /* Sources */ = {
			isa = PBXSourcesBuildPhase;
			buildActionMask = 2147483647;
			files = (
				4C83B8A52C739300004FAB05 /* LittleLemonTests.swift in Sources */,
			);
			runOnlyForDeploymentPostprocessing = 0;
		};
/* End PBXSourcesBuildPhase section */

/* Begin PBXTargetDependency section */
		4C83B8A72C739300004FAB05 /* PBXTargetDependency */ = {
			isa = PBXTargetDependency;
			target = 4C0463AB2C709988003ABDAD /* LittleLemon */;
			targetProxy = 4C83B8A62C739300004FAB05 /* PBXContainerItemProxy */;
		};
/* End PBXTargetDependency section */

/* Begin XCBuildConfiguration section */
		4C0463B82C709989003ABDAD /* Debug */ = {
			isa = XCBuildConfiguration;
			buildSettings = {
				ALWAYS_SEARCH_USER_PATHS = NO;
				ASSETCATALOG_COMPILER_GENERATE_SWIFT_ASSET_SYMBOL_EXTENSIONS = YES;
				CLANG_ANALYZER_NONNULL = YES;
				CLANG_ANALYZER_NUMBER_OBJECT_CONVERSION = YES_AGGRESSIVE;
				CLANG_CXX_LANGUAGE_STANDARD = "gnu++20";
				CLANG_ENABLE_MODULES = YES;
				CLANG_ENABLE_OBJC_ARC = YES;
				CLANG_ENABLE_OBJC_WEAK = YES;
				CLANG_WARN_BLOCK_CAPTURE_AUTORELEASING = YES;
				CLANG_WARN_BOOL_CONVERSION = YES;
				CLANG_WARN_COMMA = YES;
				CLANG_WARN_CONSTANT_CONVERSION = YES;
				CLANG_WARN_DEPRECATED_OBJC_IMPLEMENTATIONS = YES;
				CLANG_WARN_DIRECT_OBJC_ISA_USAGE = YES_ERROR;
				CLANG_WARN_DOCUMENTATION_COMMENTS = YES;
				CLANG_WARN_EMPTY_BODY = YES;
				CLANG_WARN_ENUM_CONVERSION = YES;
				CLANG_WARN_INFINITE_RECURSION = YES;
				CLANG_WARN_INT_CONVERSION = YES;
				CLANG_WARN_NON_LITERAL_NULL_CONVERSION = YES;
				CLANG_WARN_OBJC_IMPLICIT_RETAIN_SELF = YES;
				CLANG_WARN_OBJC_LITERAL_CONVERSION = YES;
				CLANG_WARN_OBJC_ROOT_CLASS = YES_ERROR;
				CLANG_WARN_QUOTED_INCLUDE_IN_FRAMEWORK_HEADER = YES;
				CLANG_WARN_RANGE_LOOP_ANALYSIS = YES;
				CLANG_WARN_STRICT_PROTOTYPES = YES;
				CLANG_WARN_SUSPICIOUS_MOVE = YES;
				CLANG_WARN_UNGUARDED_AVAILABILITY = YES_AGGRESSIVE;
				CLANG_WARN_UNREACHABLE_CODE = YES;
				CLANG_WARN__DUPLICATE_METHOD_MATCH = YES;
				COPY_PHASE_STRIP = NO;
				DEBUG_INFORMATION_FORMAT = dwarf;
				ENABLE_STRICT_OBJC_MSGSEND = YES;
				ENABLE_TESTABILITY = YES;
				ENABLE_USER_SCRIPT_SANDBOXING = YES;
				GCC_C_LANGUAGE_STANDARD = gnu17;
				GCC_DYNAMIC_NO_PIC = NO;
				GCC_NO_COMMON_BLOCKS = YES;
				GCC_OPTIMIZATION_LEVEL = 0;
				GCC_PREPROCESSOR_DEFINITIONS = (
					"DEBUG=1",
					"$(inherited)",
				);
				GCC_WARN_64_TO_32_BIT_CONVERSION = YES;
				GCC_WARN_ABOUT_RETURN_TYPE = YES_ERROR;
				GCC_WARN_UNDECLARED_SELECTOR = YES;
				GCC_WARN_UNINITIALIZED_AUTOS = YES_AGGRESSIVE;
				GCC_WARN_UNUSED_FUNCTION = YES;
				GCC_WARN_UNUSED_VARIABLE = YES;
				IPHONEOS_DEPLOYMENT_TARGET = 17.5;
				LOCALIZATION_PREFERS_STRING_CATALOGS = YES;
				MTL_ENABLE_DEBUG_INFO = INCLUDE_SOURCE;
				MTL_FAST_MATH = YES;
				ONLY_ACTIVE_ARCH = YES;
				SDKROOT = iphoneos;
				SWIFT_ACTIVE_COMPILATION_CONDITIONS = "DEBUG $(inherited)";
				SWIFT_OPTIMIZATION_LEVEL = "-Onone";
			};
			name = Debug;
		};
		4C0463B92C709989003ABDAD /* Release */ = {
			isa = XCBuildConfiguration;
			buildSettings = {
				ALWAYS_SEARCH_USER_PATHS = NO;
				ASSETCATALOG_COMPILER_GENERATE_SWIFT_ASSET_SYMBOL_EXTENSIONS = YES;
				CLANG_ANALYZER_NONNULL = YES;
				CLANG_ANALYZER_NUMBER_OBJECT_CONVERSION = YES_AGGRESSIVE;
				CLANG_CXX_LANGUAGE_STANDARD = "gnu++20";
				CLANG_ENABLE_MODULES = YES;
				CLANG_ENABLE_OBJC_ARC = YES;
				CLANG_ENABLE_OBJC_WEAK = YES;
				CLANG_WARN_BLOCK_CAPTURE_AUTORELEASING = YES;
				CLANG_WARN_BOOL_CONVERSION = YES;
				CLANG_WARN_COMMA = YES;
				CLANG_WARN_CONSTANT_CONVERSION = YES;
				CLANG_WARN_DEPRECATED_OBJC_IMPLEMENTATIONS = YES;
				CLANG_WARN_DIRECT_OBJC_ISA_USAGE = YES_ERROR;
				CLANG_WARN_DOCUMENTATION_COMMENTS = YES;
				CLANG_WARN_EMPTY_BODY = YES;
				CLANG_WARN_ENUM_CONVERSION = YES;
				CLANG_WARN_INFINITE_RECURSION = YES;
				CLANG_WARN_INT_CONVERSION = YES;
				CLANG_WARN_NON_LITERAL_NULL_CONVERSION = YES;
				CLANG_WARN_OBJC_IMPLICIT_RETAIN_SELF = YES;
				CLANG_WARN_OBJC_LITERAL_CONVERSION = YES;
				CLANG_WARN_OBJC_ROOT_CLASS = YES_ERROR;
				CLANG_WARN_QUOTED_INCLUDE_IN_FRAMEWORK_HEADER = YES;
				CLANG_WARN_RANGE_LOOP_ANALYSIS = YES;
				CLANG_WARN_STRICT_PROTOTYPES = YES;
				CLANG_WARN_SUSPICIOUS_MOVE = YES;
				CLANG_WARN_UNGUARDED_AVAILABILITY = YES_AGGRESSIVE;
				CLANG_WARN_UNREACHABLE_CODE = YES;
				CLANG_WARN__DUPLICATE_METHOD_MATCH = YES;
				COPY_PHASE_STRIP = NO;
				DEBUG_INFORMATION_FORMAT = "dwarf-with-dsym";
				ENABLE_NS_ASSERTIONS = NO;
				ENABLE_STRICT_OBJC_MSGSEND = YES;
				ENABLE_USER_SCRIPT_SANDBOXING = YES;
				GCC_C_LANGUAGE_STANDARD = gnu17;
				GCC_NO_COMMON_BLOCKS = YES;
				GCC_WARN_64_TO_32_BIT_CONVERSION = YES;
				GCC_WARN_ABOUT_RETURN_TYPE = YES_ERROR;
				GCC_WARN_UNDECLARED_SELECTOR = YES;
				GCC_WARN_UNINITIALIZED_AUTOS = YES_AGGRESSIVE;
				GCC_WARN_UNUSED_FUNCTION = YES;
				GCC_WARN_UNUSED_VARIABLE = YES;
				IPHONEOS_DEPLOYMENT_TARGET = 17.5;
				LOCALIZATION_PREFERS_STRING_CATALOGS = YES;
				MTL_ENABLE_DEBUG_INFO = NO;
				MTL_FAST_MATH = YES;
				SDKROOT = iphoneos;
				SWIFT_COMPILATION_MODE = wholemodule;
				VALIDATE_PRODUCT = YES;
			};
			name = Release;
		};
		4C0463BB2C709989003ABDAD /* Debug */ = {
			isa = XCBuildConfiguration;
			buildSettings = {
				ASSETCATALOG_COMPILER_APPICON_NAME = AppIcon;
				ASSETCATALOG_COMPILER_GLOBAL_ACCENT_COLOR_NAME = AccentColor;
				CODE_SIGN_STYLE = Automatic;
				CURRENT_PROJECT_VERSION = 1;
				DEVELOPMENT_ASSET_PATHS = "\"LittleLemon/Preview Content\"";
				DEVELOPMENT_TEAM = JL37ZH7ZSY;
				ENABLE_PREVIEWS = YES;
				GENERATE_INFOPLIST_FILE = YES;
				INFOPLIST_KEY_UIApplicationSceneManifest_Generation = YES;
				INFOPLIST_KEY_UIApplicationSupportsIndirectInputEvents = YES;
				INFOPLIST_KEY_UILaunchScreen_Generation = YES;
				INFOPLIST_KEY_UISupportedInterfaceOrientations_iPad = "UIInterfaceOrientationPortrait UIInterfaceOrientationPortraitUpsideDown UIInterfaceOrientationLandscapeLeft UIInterfaceOrientationLandscapeRight";
				INFOPLIST_KEY_UISupportedInterfaceOrientations_iPhone = "UIInterfaceOrientationPortrait UIInterfaceOrientationLandscapeLeft UIInterfaceOrientationLandscapeRight";
				LD_RUNPATH_SEARCH_PATHS = (
					"$(inherited)",
					"@executable_path/Frameworks",
				);
				MARKETING_VERSION = 1.0;
				PRODUCT_BUNDLE_IDENTIFIER = org.mizech.LittleLemon;
				PRODUCT_NAME = "$(TARGET_NAME)";
				SWIFT_EMIT_LOC_STRINGS = YES;
				SWIFT_VERSION = 5.0;
				TARGETED_DEVICE_FAMILY = "1,2";
			};
			name = Debug;
		};
		4C0463BC2C709989003ABDAD /* Release */ = {
			isa = XCBuildConfiguration;
			buildSettings = {
				ASSETCATALOG_COMPILER_APPICON_NAME = AppIcon;
				ASSETCATALOG_COMPILER_GLOBAL_ACCENT_COLOR_NAME = AccentColor;
				CODE_SIGN_STYLE = Automatic;
				CURRENT_PROJECT_VERSION = 1;
				DEVELOPMENT_ASSET_PATHS = "\"LittleLemon/Preview Content\"";
				DEVELOPMENT_TEAM = JL37ZH7ZSY;
				ENABLE_PREVIEWS = YES;
				GENERATE_INFOPLIST_FILE = YES;
				INFOPLIST_KEY_UIApplicationSceneManifest_Generation = YES;
				INFOPLIST_KEY_UIApplicationSupportsIndirectInputEvents = YES;
				INFOPLIST_KEY_UILaunchScreen_Generation = YES;
				INFOPLIST_KEY_UISupportedInterfaceOrientations_iPad = "UIInterfaceOrientationPortrait UIInterfaceOrientationPortraitUpsideDown UIInterfaceOrientationLandscapeLeft UIInterfaceOrientationLandscapeRight";
				INFOPLIST_KEY_UISupportedInterfaceOrientations_iPhone = "UIInterfaceOrientationPortrait UIInterfaceOrientationLandscapeLeft UIInterfaceOrientationLandscapeRight";
				LD_RUNPATH_SEARCH_PATHS = (
					"$(inherited)",
					"@executable_path/Frameworks",
				);
				MARKETING_VERSION = 1.0;
				PRODUCT_BUNDLE_IDENTIFIER = org.mizech.LittleLemon;
				PRODUCT_NAME = "$(TARGET_NAME)";
				SWIFT_EMIT_LOC_STRINGS = YES;
				SWIFT_VERSION = 5.0;
				TARGETED_DEVICE_FAMILY = "1,2";
			};
			name = Release;
		};
		4C83B8A82C739300004FAB05 /* Debug */ = {
			isa = XCBuildConfiguration;
			buildSettings = {
				BUNDLE_LOADER = "$(TEST_HOST)";
				CODE_SIGN_STYLE = Automatic;
				CURRENT_PROJECT_VERSION = 1;
				DEVELOPMENT_TEAM = JL37ZH7ZSY;
				GENERATE_INFOPLIST_FILE = YES;
				IPHONEOS_DEPLOYMENT_TARGET = 17.5;
				MACOSX_DEPLOYMENT_TARGET = 14.5;
				MARKETING_VERSION = 1.0;
				PRODUCT_BUNDLE_IDENTIFIER = org.mizech.LittleLemonTests;
				PRODUCT_NAME = "$(TARGET_NAME)";
				SDKROOT = auto;
				SUPPORTED_PLATFORMS = "iphoneos iphonesimulator macosx";
				SWIFT_EMIT_LOC_STRINGS = NO;
				SWIFT_VERSION = 5.0;
				TARGETED_DEVICE_FAMILY = "1,2";
				TEST_HOST = "$(BUILT_PRODUCTS_DIR)/LittleLemon.app/$(BUNDLE_EXECUTABLE_FOLDER_PATH)/LittleLemon";
			};
			name = Debug;
		};
		4C83B8A92C739300004FAB05 /* Release */ = {
			isa = XCBuildConfiguration;
			buildSettings = {
				BUNDLE_LOADER = "$(TEST_HOST)";
				CODE_SIGN_STYLE = Automatic;
				CURRENT_PROJECT_VERSION = 1;
				DEVELOPMENT_TEAM = JL37ZH7ZSY;
				GENERATE_INFOPLIST_FILE = YES;
				IPHONEOS_DEPLOYMENT_TARGET = 17.5;
				MACOSX_DEPLOYMENT_TARGET = 14.5;
				MARKETING_VERSION = 1.0;
				PRODUCT_BUNDLE_IDENTIFIER = org.mizech.LittleLemonTests;
				PRODUCT_NAME = "$(TARGET_NAME)";
				SDKROOT = auto;
				SUPPORTED_PLATFORMS = "iphoneos iphonesimulator macosx";
				SWIFT_EMIT_LOC_STRINGS = NO;
				SWIFT_VERSION = 5.0;
				TARGETED_DEVICE_FAMILY = "1,2";
				TEST_HOST = "$(BUILT_PRODUCTS_DIR)/LittleLemon.app/$(BUNDLE_EXECUTABLE_FOLDER_PATH)/LittleLemon";
			};
			name = Release;
		};
/* End XCBuildConfiguration section */

/* Begin XCConfigurationList section */
		4C0463A72C709988003ABDAD /* Build configuration list for PBXProject "LittleLemon" */ = {
			isa = XCConfigurationList;
			buildConfigurations = (
				4C0463B82C709989003ABDAD /* Debug */,
				4C0463B92C709989003ABDAD /* Release */,
			);
			defaultConfigurationIsVisible = 0;
			defaultConfigurationName = Release;
		};
		4C0463BA2C709989003ABDAD /* Build configuration list for PBXNativeTarget "LittleLemon" */ = {
			isa = XCConfigurationList;
			buildConfigurations = (
				4C0463BB2C709989003ABDAD /* Debug */,
				4C0463BC2C709989003ABDAD /* Release */,
			);
			defaultConfigurationIsVisible = 0;
			defaultConfigurationName = Release;
		};
		4C83B8AA2C739300004FAB05 /* Build configuration list for PBXNativeTarget "LittleLemonTests" */ = {
			isa = XCConfigurationList;
			buildConfigurations = (
				4C83B8A82C739300004FAB05 /* Debug */,
				4C83B8A92C739300004FAB05 /* Release */,
			);
			defaultConfigurationIsVisible = 0;
			defaultConfigurationName = Release;
		};
/* End XCConfigurationList section */
	};
	rootObject = 4C0463A42C709988003ABDAD /* Project object */;
}
